
Microsoft Visual Studio Solution File, Format Version 12.00
# Visual Studio Version 16
VisualStudioVersion = 16.0.32228.343
MinimumVisualStudioVersion = 10.0.40219.1
Project("{FAE04EC0-301F-11D3-BF4B-00C04F79EFBC}") = "WeatherForecast.API", "WeatherForecast.API\WeatherForecast.API.csproj", "{ABF4B405-7F81-4C41-BEBC-104E44D156F5}"
EndProject
Project("{FAE04EC0-301F-11D3-BF4B-00C04F79EFBC}") = "WeatherForecast.Core", "WeatherForecast.Core\WeatherForecast.Core.csproj", "{22F9525B-BDF9-4781-B036-11AF28BCB213}"
EndProject
Project("{FAE04EC0-301F-11D3-BF4B-00C04F79EFBC}") = "WeatherForecast.Application", "WeatherForecast.Application\WeatherForecast.Application.csproj", "{B94D19B8-8512-412C-9E1E-8C3576A448D9}"
EndProject
Project("{FAE04EC0-301F-11D3-BF4B-00C04F79EFBC}") = "WeatherForecast.Infrastructure", "WeatherForecast.Infrastructure\WeatherForecast.Infrastructure.csproj", "{6EC47560-F6DD-4F21-A96D-1BFFB6F194D7}"
EndProject
Project("{FAE04EC0-301F-11D3-BF4B-00C04F79EFBC}") = "WeatherForecast.Application.Test", "WeatherForecast.Application.Test\WeatherForecast.Application.Test.csproj", "{B8D1A93E-A0EB-4E78-85BC-2BFC33A8DA1F}"
EndProject
Global
	GlobalSection(SolutionConfigurationPlatforms) = preSolution
		Debug|Any CPU = Debug|Any CPU
		Release|Any CPU = Release|Any CPU
	EndGlobalSection
	GlobalSection(ProjectConfigurationPlatforms) = postSolution
		{ABF4B405-7F81-4C41-BEBC-104E44D156F5}.Debug|Any CPU.ActiveCfg = Debug|Any CPU
		{ABF4B405-7F81-4C41-BEBC-104E44D156F5}.Debug|Any CPU.Build.0 = Debug|Any CPU
		{ABF4B405-7F81-4C41-BEBC-104E44D156F5}.Release|Any CPU.ActiveCfg = Release|Any CPU
		{ABF4B405-7F81-4C41-BEBC-104E44D156F5}.Release|Any CPU.Build.0 = Release|Any CPU
		{22F9525B-BDF9-4781-B036-11AF28BCB213}.Debug|Any CPU.ActiveCfg = Debug|Any CPU
		{22F9525B-BDF9-4781-B036-11AF28BCB213}.Debug|Any CPU.Build.0 = Debug|Any CPU
		{22F9525B-BDF9-4781-B036-11AF28BCB213}.Release|Any CPU.ActiveCfg = Release|Any CPU
		{22F9525B-BDF9-4781-B036-11AF28BCB213}.Release|Any CPU.Build.0 = Release|Any CPU
		{B94D19B8-8512-412C-9E1E-8C3576A448D9}.Debug|Any CPU.ActiveCfg = Debug|Any CPU
		{B94D19B8-8512-412C-9E1E-8C3576A448D9}.Debug|Any CPU.Build.0 = Debug|Any CPU
		{B94D19B8-8512-412C-9E1E-8C3576A448D9}.Release|Any CPU.ActiveCfg = Release|Any CPU
		{B94D19B8-8512-412C-9E1E-8C3576A448D9}.Release|Any CPU.Build.0 = Release|Any CPU
		{6EC47560-F6DD-4F21-A96D-1BFFB6F194D7}.Debug|Any CPU.ActiveCfg = Debug|Any CPU
		{6EC47560-F6DD-4F21-A96D-1BFFB6F194D7}.Debug|Any CPU.Build.0 = Debug|Any CPU
		{6EC47560-F6DD-4F21-A96D-1BFFB6F194D7}.Release|Any CPU.ActiveCfg = Release|Any CPU
		{6EC47560-F6DD-4F21-A96D-1BFFB6F194D7}.Release|Any CPU.Build.0 = Release|Any CPU
		{B8D1A93E-A0EB-4E78-85BC-2BFC33A8DA1F}.Debug|Any CPU.ActiveCfg = Debug|Any CPU
		{B8D1A93E-A0EB-4E78-85BC-2BFC33A8DA1F}.Debug|Any CPU.Build.0 = Debug|Any CPU
		{B8D1A93E-A0EB-4E78-85BC-2BFC33A8DA1F}.Release|Any CPU.ActiveCfg = Release|Any CPU
		{B8D1A93E-A0EB-4E78-85BC-2BFC33A8DA1F}.Release|Any CPU.Build.0 = Release|Any CPU
	EndGlobalSection
	GlobalSection(SolutionProperties) = preSolution
		HideSolutionNode = FALSE
	EndGlobalSection
	GlobalSection(ExtensibilityGlobals) = postSolution
		SolutionGuid = {37FDADC0-1A16-49D4-AFE1-A662656547B0}
	EndGlobalSection
EndGlobal
